
Microsoft Visual Studio Solution File, Format Version 12.00
# Visual Studio Version 17
VisualStudioVersion = 17.14.36623.8 d17.14
MinimumVisualStudioVersion = 10.0.40219.1
Project("{FAE04EC0-301F-11D3-BF4B-00C04F79EFBC}") = "life-Book", "life-Book.csproj", "{82395F61-9392-40AF-8F18-4A6A315AA272}"
EndProject
Global
	GlobalSection(SolutionConfigurationPlatforms) = preSolution
		Debug|Any CPU = Debug|Any CPU
		Release|Any CPU = Release|Any CPU
	EndGlobalSection
	GlobalSection(ProjectConfigurationPlatforms) = postSolution
		{82395F61-9392-40AF-8F18-4A6A315AA272}.Debug|Any CPU.ActiveCfg = Debug|Any CPU
		{82395F61-9392-40AF-8F18-4A6A315AA272}.Debug|Any CPU.Build.0 = Debug|Any CPU
		{82395F61-9392-40AF-8F18-4A6A315AA272}.Release|Any CPU.ActiveCfg = Release|Any CPU
		{82395F61-9392-40AF-8F18-4A6A315AA272}.Release|Any CPU.Build.0 = Release|Any CPU
	EndGlobalSection
	GlobalSection(SolutionProperties) = preSolution
		HideSolutionNode = FALSE
	EndGlobalSection
	GlobalSection(ExtensibilityGlobals) = postSolution
		SolutionGuid = {CD4DDE77-1590-4D3C-9BBB-A498CC083D46}
	EndGlobalSection
EndGlobal
